Microsoft Visual Studio Solution File, Format Version 11.00
# Visual Studio 2008

Project("{D353D120-EF5C-CD1E-5106-380F6A72A7B8}") = "ColoWar", "Assembly-CSharp-firstpass.csproj", "{4F9CCD45-1D3C-FB52-8E3D-18FF946BAC4F}"
EndProject
Project("{D353D120-EF5C-CD1E-5106-380F6A72A7B8}") = "ColoWar", "Assembly-CSharp.csproj", "{512284EB-C1EB-BD7A-6D09-62833D059EC1}"
EndProject
Project("{D353D120-EF5C-CD1E-5106-380F6A72A7B8}") = "ColoWar", "Assembly-CSharp-Editor.csproj", "{C10C4E4E-4680-42F6-83A1-E44D96094A20}"
EndProject
Global
	GlobalSection(SolutionConfigurationPlatforms) = preSolution
		Debug|Any CPU = Debug|Any CPU
		Release|Any CPU = Release|Any CPU
	EndGlobalSection
	GlobalSection(ProjectConfigurationPlatforms) = postSolution
		{4F9CCD45-1D3C-FB52-8E3D-18FF946BAC4F}.Debug|Any CPU.ActiveCfg = Debug|Any CPU
		{4F9CCD45-1D3C-FB52-8E3D-18FF946BAC4F}.Debug|Any CPU.Build.0 = Debug|Any CPU
		{4F9CCD45-1D3C-FB52-8E3D-18FF946BAC4F}.Release|Any CPU.ActiveCfg = Release|Any CPU
		{4F9CCD45-1D3C-FB52-8E3D-18FF946BAC4F}.Release|Any CPU.Build.0 = Release|Any CPU
		{512284EB-C1EB-BD7A-6D09-62833D059EC1}.Debug|Any CPU.ActiveCfg = Debug|Any CPU
		{512284EB-C1EB-BD7A-6D09-62833D059EC1}.Debug|Any CPU.Build.0 = Debug|Any CPU
		{512284EB-C1EB-BD7A-6D09-62833D059EC1}.Release|Any CPU.ActiveCfg = Release|Any CPU
		{512284EB-C1EB-BD7A-6D09-62833D059EC1}.Release|Any CPU.Build.0 = Release|Any CPU
		{C10C4E4E-4680-42F6-83A1-E44D96094A20}.Debug|Any CPU.ActiveCfg = Debug|Any CPU
		{C10C4E4E-4680-42F6-83A1-E44D96094A20}.Debug|Any CPU.Build.0 = Debug|Any CPU
		{C10C4E4E-4680-42F6-83A1-E44D96094A20}.Release|Any CPU.ActiveCfg = Release|Any CPU
		{C10C4E4E-4680-42F6-83A1-E44D96094A20}.Release|Any CPU.Build.0 = Release|Any CPU
	EndGlobalSection
	GlobalSection(SolutionProperties) = preSolution
		HideSolutionNode = FALSE
	EndGlobalSection
	GlobalSection(MonoDevelopProperties) = preSolution
		StartupItem = Assembly-CSharp.csproj
	EndGlobalSection
EndGlobal
