Microsoft Visual Studio Solution File, Format Version 11.00
# Visual Studio 2008

Project("{7878AEB6-177A-7F6B-B5C8-6736D96A05FA}") = "Colowar", "Assembly-CSharp-firstpass.csproj", "{05D69B71-A5BF-59F8-1A09-243E1029F5E4}"
EndProject
Project("{7878AEB6-177A-7F6B-B5C8-6736D96A05FA}") = "Colowar", "Assembly-CSharp.csproj", "{4C24DA3B-E008-D09F-4606-07799BE46FFC}"
EndProject
Project("{7878AEB6-177A-7F6B-B5C8-6736D96A05FA}") = "Colowar", "Assembly-CSharp-Editor.csproj", "{E25E1D5E-96F3-826D-66A6-8532507E08AB}"
EndProject
Global
	GlobalSection(SolutionConfigurationPlatforms) = preSolution
		Debug|Any CPU = Debug|Any CPU
		Release|Any CPU = Release|Any CPU
	EndGlobalSection
	GlobalSection(ProjectConfigurationPlatforms) = postSolution
		{05D69B71-A5BF-59F8-1A09-243E1029F5E4}.Debug|Any CPU.ActiveCfg = Debug|Any CPU
		{05D69B71-A5BF-59F8-1A09-243E1029F5E4}.Debug|Any CPU.Build.0 = Debug|Any CPU
		{05D69B71-A5BF-59F8-1A09-243E1029F5E4}.Release|Any CPU.ActiveCfg = Release|Any CPU
		{05D69B71-A5BF-59F8-1A09-243E1029F5E4}.Release|Any CPU.Build.0 = Release|Any CPU
		{4C24DA3B-E008-D09F-4606-07799BE46FFC}.Debug|Any CPU.ActiveCfg = Debug|Any CPU
		{4C24DA3B-E008-D09F-4606-07799BE46FFC}.Debug|Any CPU.Build.0 = Debug|Any CPU
		{4C24DA3B-E008-D09F-4606-07799BE46FFC}.Release|Any CPU.ActiveCfg = Release|Any CPU
		{4C24DA3B-E008-D09F-4606-07799BE46FFC}.Release|Any CPU.Build.0 = Release|Any CPU
		{E25E1D5E-96F3-826D-66A6-8532507E08AB}.Debug|Any CPU.ActiveCfg = Debug|Any CPU
		{E25E1D5E-96F3-826D-66A6-8532507E08AB}.Debug|Any CPU.Build.0 = Debug|Any CPU
		{E25E1D5E-96F3-826D-66A6-8532507E08AB}.Release|Any CPU.ActiveCfg = Release|Any CPU
		{E25E1D5E-96F3-826D-66A6-8532507E08AB}.Release|Any CPU.Build.0 = Release|Any CPU
	EndGlobalSection
	GlobalSection(SolutionProperties) = preSolution
		HideSolutionNode = FALSE
	EndGlobalSection
	GlobalSection(MonoDevelopProperties) = preSolution
		StartupItem = Assembly-CSharp.csproj
	EndGlobalSection
EndGlobal
