
Microsoft Visual Studio Solution File, Format Version 12.00
# Visual Studio 2015
Project("{FAE04EC0-301F-11D3-BF4B-00C04F79EFBC}") = "ColoWar.CSharp.Plugins", "ColoWar.CSharp.Plugins.csproj", "{DEA5D2FE-8319-1BE6-B9D3-1DB0C8ED42EE}"
EndProject
Project("{FAE04EC0-301F-11D3-BF4B-00C04F79EFBC}") = "ColoWar.CSharp", "ColoWar.CSharp.csproj", "{7B36CAA9-6B1B-88AB-28B3-99B47D1FF519}"
EndProject
Project("{FAE04EC0-301F-11D3-BF4B-00C04F79EFBC}") = "ColoWar.CSharp.Editor", "ColoWar.CSharp.Editor.csproj", "{361C6D07-DDE9-DE44-59FD-17625F95FAB6}"
EndProject
Global
	GlobalSection(SolutionConfigurationPlatforms) = preSolution
		Debug|Any CPU = Debug|Any CPU
		Release|Any CPU = Release|Any CPU
	EndGlobalSection
	GlobalSection(ProjectConfigurationPlatforms) = postSolution
		{DEA5D2FE-8319-1BE6-B9D3-1DB0C8ED42EE}.Debug|Any CPU.ActiveCfg = Debug|Any CPU
		{DEA5D2FE-8319-1BE6-B9D3-1DB0C8ED42EE}.Debug|Any CPU.Build.0 = Debug|Any CPU
		{DEA5D2FE-8319-1BE6-B9D3-1DB0C8ED42EE}.Release|Any CPU.ActiveCfg = Release|Any CPU
		{DEA5D2FE-8319-1BE6-B9D3-1DB0C8ED42EE}.Release|Any CPU.Build.0 = Release|Any CPU
		{7B36CAA9-6B1B-88AB-28B3-99B47D1FF519}.Debug|Any CPU.ActiveCfg = Debug|Any CPU
		{7B36CAA9-6B1B-88AB-28B3-99B47D1FF519}.Debug|Any CPU.Build.0 = Debug|Any CPU
		{7B36CAA9-6B1B-88AB-28B3-99B47D1FF519}.Release|Any CPU.ActiveCfg = Release|Any CPU
		{7B36CAA9-6B1B-88AB-28B3-99B47D1FF519}.Release|Any CPU.Build.0 = Release|Any CPU
		{361C6D07-DDE9-DE44-59FD-17625F95FAB6}.Debug|Any CPU.ActiveCfg = Debug|Any CPU
		{361C6D07-DDE9-DE44-59FD-17625F95FAB6}.Debug|Any CPU.Build.0 = Debug|Any CPU
		{361C6D07-DDE9-DE44-59FD-17625F95FAB6}.Release|Any CPU.ActiveCfg = Release|Any CPU
		{361C6D07-DDE9-DE44-59FD-17625F95FAB6}.Release|Any CPU.Build.0 = Release|Any CPU
	EndGlobalSection
	GlobalSection(SolutionProperties) = preSolution
		HideSolutionNode = FALSE
	EndGlobalSection
EndGlobal
